<Solution>
    <Folder Name="/src/" />
    <Folder Name="/src/Apps/">
        <Project Path="BiBoGC/BiBoGC.csproj" />
    </Folder>
    <Folder Name="/src/Modules/" />
    <Folder Name="/src/Modules/AuthorizationModule/">
        <Project Path="AuthorizationModule.Application/AuthorizationModule.Application.csproj" />
        <Project Path="AuthorizationModule.Domain/AuthorizationModule.Domain.csproj" />
        <Project Path="AuthorizationModule.Infrastructure/AuthorizationModule.Infrastructure.csproj" />
    </Folder>
    <Folder Name="/src/Modules/InventoryManagement/">
        <Project Path="InventoryManagement.Application/InventoryManagement.Application.csproj" />
        <Project Path="InventoryManagement.Domain/InventoryManagement.Domain.csproj" />
        <Project Path="InventoryManagement.Infrastructure/InventoryManagement.Infrastructure.csproj" />
    </Folder>
    <Folder Name="/src/Modules/Finance/">
        <Project Path="Finance.Application/Finance.Application.csproj" />
        <Project Path="Finance.Domain/Finance.Domain.csproj" />
        <Project Path="Finance.Infrastructure/Finance.Infrastructure.csproj" />
    </Folder>
    <Folder Name="/src/Modules/SaleManagement/">
        <Project Path="Sale.Application/Sale.Application.csproj" Id="a1f8be13-85fa-4c7c-90b5-377469cce4f0" />
        <Project Path="Sale.Domain/Sale.Domain.csproj" Id="c9ce60c6-b2e3-4689-afe9-87bfbfa5d459" />
        <Project Path="Sale.Infrastructure/Sale.Infrastructure.csproj" Id="e2d8a4b1-9f3c-4d5e-8a6b-1c2d3e4f5a6b"/>
    </Folder>
    <Folder Name="/src/Shared/">
        <Project Path="Shared.Application/Shared.Application.csproj" />
        <Project Path="Shared.Contracts/Shared.Contracts.csproj" Id="4c1117e9-0776-4ec5-8f4b-2f14edc6b735" />
        <Project Path="Shared.Domain/Shared.Domain.csproj" />
    </Folder>
    <Folder Name="/Tests/">
        <Project Path="Tests/BiBoGC.Tests.Integration/BiBoGC.Tests.Integration.csproj"/>
        <Project Path="Tests/BiBoGC.Tests.Unit/BiBoGC.Tests.Unit.csproj"/>
    </Folder>
    <Project Path="BiBoGC.AppHost/BiBoGC.AppHost.csproj" />
    <Project Path="BiBoGC.ServiceDefaults/BiBoGC.ServiceDefaults.csproj" />
</Solution>
